
Microsoft Visual Studio Solution File, Format Version 12.00
# Visual Studio Version 16
VisualStudioVersion = 16.0.32106.194
MinimumVisualStudioVersion = 10.0.40219.1
Project("{FAE04EC0-301F-11D3-BF4B-00C04F79EFBC}") = "AdoNetDemo", "WindowsFormsApp1\AdoNetDemo.csproj", "{1E8F8F63-B818-4678-923F-66F39B71A3CF}"
EndProject
Global
	GlobalSection(SolutionConfigurationPlatforms) = preSolution
		Debug|Any CPU = Debug|Any CPU
		Release|Any CPU = Release|Any CPU
	EndGlobalSection
	GlobalSection(ProjectConfigurationPlatforms) = postSolution
		{1E8F8F63-B818-4678-923F-66F39B71A3CF}.Debug|Any CPU.ActiveCfg = Debug|Any CPU
		{1E8F8F63-B818-4678-923F-66F39B71A3CF}.Debug|Any CPU.Build.0 = Debug|Any CPU
		{1E8F8F63-B818-4678-923F-66F39B71A3CF}.Release|Any CPU.ActiveCfg = Release|Any CPU
		{1E8F8F63-B818-4678-923F-66F39B71A3CF}.Release|Any CPU.Build.0 = Release|Any CPU
	EndGlobalSection
	GlobalSection(SolutionProperties) = preSolution
		HideSolutionNode = FALSE
	EndGlobalSection
	GlobalSection(ExtensibilityGlobals) = postSolution
		SolutionGuid = {8573A450-8224-4162-8511-C1FFB64724BB}
	EndGlobalSection
EndGlobal
